{
  "nodes": {
    "fish-plugin-nix-env": {
      "flake": false,
      "locked": {
        "lastModified": 1638213644,
        "narHash": "sha256-RG/0rfhgq6aEKNZ0XwIqOaZ6K5S4+/Y5EEMnIdtfPhk=",
        "owner": "lilyball",
        "repo": "nix-env.fish",
        "rev": "7b65bd228429e852c8fdfa07601159130a818cfa",
        "type": "github"
      },
      "original": {
        "owner": "lilyball",
        "repo": "nix-env.fish",
        "type": "github"
      }
    },
    "fish-plugin-pufferfish": {
      "flake": false,
      "locked": {
        "lastModified": 1678892473,
        "narHash": "sha256-aPxEHSXfiJJXosIm7b3Pd+yFnyz43W3GXyUB5BFAF54=",
        "owner": "nickeb96",
        "repo": "puffer-fish",
        "rev": "5d3cb25e0d63356c3342fb3101810799bb651b64",
        "type": "github"
      },
      "original": {
        "owner": "nickeb96",
        "repo": "puffer-fish",
        "type": "github"
      }
    },
    "gdb-dashboard": {
      "flake": false,
      "locked": {
        "lastModified": 1681401363,
        "narHash": "sha256-UGHiYroUdqCr+a3ZgR1qKXQ3fiy2aQ5qo8gXefF9XDg=",
        "owner": "cyrus-and",
        "repo": "gdb-dashboard",
        "rev": "c6b377277cb7ab48be0098d765633beb7f241567",
        "type": "github"
      },
      "original": {
        "owner": "cyrus-and",
        "repo": "gdb-dashboard",
        "type": "github"
      }
    },
    "home-manager": {
      "inputs": {
        "nixpkgs": [
          "nixpkgs"
        ]
      },
      "locked": {
        "lastModified": 1684321175,
        "narHash": "sha256-V4EbM+jK7pvjKBaj0dgAiW9ultzDE27Nz5fRyu/ceMk=",
        "owner": "nix-community",
        "repo": "home-manager",
        "rev": "59659243cd4ababda605e79b4a9c2e6d83e24c86",
        "type": "github"
      },
      "original": {
        "owner": "nix-community",
        "repo": "home-manager",
        "type": "github"
      }
    },
    "nixpkgs": {
      "locked": {
        "lastModified": 1684305980,
        "narHash": "sha256-vd4SKXX1KZfSX6n3eoguJw/vQ+sBL8XGdgfxjEgLpKc=",
        "owner": "nixos",
        "repo": "nixpkgs",
        "rev": "e6e389917a8c778be636e67a67ec958f511cc55d",
        "type": "github"
      },
      "original": {
        "owner": "nixos",
        "ref": "nixos-unstable",
        "repo": "nixpkgs",
        "type": "github"
      }
    },
    "root": {
      "inputs": {
        "fish-plugin-nix-env": "fish-plugin-nix-env",
        "fish-plugin-pufferfish": "fish-plugin-pufferfish",
        "gdb-dashboard": "gdb-dashboard",
        "home-manager": "home-manager",
        "nixpkgs": "nixpkgs"
      }
    }
  },
  "root": "root",
  "version": 7
}
