{
  "nodes": {
    "fish-plugin-nix-env": {
      "flake": false,
      "locked": {
        "lastModified": 1638213644,
        "narHash": "sha256-RG/0rfhgq6aEKNZ0XwIqOaZ6K5S4+/Y5EEMnIdtfPhk=",
        "owner": "lilyball",
        "repo": "nix-env.fish",
        "rev": "7b65bd228429e852c8fdfa07601159130a818cfa",
        "type": "github"
      },
      "original": {
        "owner": "lilyball",
        "repo": "nix-env.fish",
        "type": "github"
      }
    },
    "fish-plugin-pufferfish": {
      "flake": false,
      "locked": {
        "lastModified": 1678892473,
        "narHash": "sha256-aPxEHSXfiJJXosIm7b3Pd+yFnyz43W3GXyUB5BFAF54=",
        "owner": "nickeb96",
        "repo": "puffer-fish",
        "rev": "5d3cb25e0d63356c3342fb3101810799bb651b64",
        "type": "github"
      },
      "original": {
        "owner": "nickeb96",
        "repo": "puffer-fish",
        "type": "github"
      }
    },
    "gdb-dashboard": {
      "flake": false,
      "locked": {
        "lastModified": 1681401363,
        "narHash": "sha256-UGHiYroUdqCr+a3ZgR1qKXQ3fiy2aQ5qo8gXefF9XDg=",
        "owner": "cyrus-and",
        "repo": "gdb-dashboard",
        "rev": "c6b377277cb7ab48be0098d765633beb7f241567",
        "type": "github"
      },
      "original": {
        "owner": "cyrus-and",
        "repo": "gdb-dashboard",
        "type": "github"
      }
    },
    "home-manager": {
      "inputs": {
        "nixpkgs": [
          "nixpkgs"
        ]
      },
      "locked": {
        "lastModified": 1690879813,
        "narHash": "sha256-LmRhzSkQgFWpt8skFiwLeOPNXbZTVSKitD2Q3yEEXhc=",
        "owner": "nix-community",
        "repo": "home-manager",
        "rev": "89df56fefe728bed13b4b5b99af196017e330dd5",
        "type": "github"
      },
      "original": {
        "owner": "nix-community",
        "repo": "home-manager",
        "type": "github"
      }
    },
    "mpv-thumbfast": {
      "flake": false,
      "locked": {
        "lastModified": 1686197291,
        "narHash": "sha256-7EnFJVjEzqhWXAvhzURoOp/kad6WzwyidWxug6u8lVw=",
        "owner": "po5",
        "repo": "thumbfast",
        "rev": "4241c7daa444d3859b51b65a39d30e922adb87e9",
        "type": "github"
      },
      "original": {
        "owner": "po5",
        "repo": "thumbfast",
        "type": "github"
      }
    },
    "mpv-thumbfast-vanilla-osc": {
      "flake": false,
      "locked": {
        "lastModified": 1690385763,
        "narHash": "sha256-S8x1DkvwKF83Po+HA5YLS7g4p4odKwDm3oP61VnbFFs=",
        "owner": "po5",
        "repo": "thumbfast",
        "rev": "74cba1fa846fb4bec2ce8a92b7b0b0a3209f8c2a",
        "type": "github"
      },
      "original": {
        "owner": "po5",
        "ref": "vanilla-osc",
        "repo": "thumbfast",
        "type": "github"
      }
    },
    "nixpkgs": {
      "locked": {
        "lastModified": 1690789960,
        "narHash": "sha256-3K+2HuyGTiJUSZNJxXXvc0qj4xFx1FHC/ItYtEa7/Xs=",
        "owner": "nixos",
        "repo": "nixpkgs",
        "rev": "fb942492b7accdee4e6d17f5447091c65897dde4",
        "type": "github"
      },
      "original": {
        "owner": "nixos",
        "ref": "nixos-unstable",
        "repo": "nixpkgs",
        "type": "github"
      }
    },
    "root": {
      "inputs": {
        "fish-plugin-nix-env": "fish-plugin-nix-env",
        "fish-plugin-pufferfish": "fish-plugin-pufferfish",
        "gdb-dashboard": "gdb-dashboard",
        "home-manager": "home-manager",
        "mpv-thumbfast": "mpv-thumbfast",
        "mpv-thumbfast-vanilla-osc": "mpv-thumbfast-vanilla-osc",
        "nixpkgs": "nixpkgs"
      }
    }
  },
  "root": "root",
  "version": 7
}
